
Microsoft Visual Studio Solution File, Format Version 12.00
# Visual Studio 14
VisualStudioVersion = 14.0.25420.1
MinimumVisualStudioVersion = 10.0.40219.1
Project("{FAE04EC0-301F-11D3-BF4B-00C04F79EFBC}") = "HelloXamarin", "HelloXamarin\HelloXamarin\HelloXamarin.csproj", "{08675250-30E0-44AD-8656-2522B82CD03F}"
EndProject
Project("{FAE04EC0-301F-11D3-BF4B-00C04F79EFBC}") = "HelloXamarin.Droid", "HelloXamarin\HelloXamarin.Droid\HelloXamarin.Droid.csproj", "{B83ECC77-9E5D-48AC-9979-59D220AFE704}"
EndProject
Project("{FAE04EC0-301F-11D3-BF4B-00C04F79EFBC}") = "HelloXamarin.iOS", "HelloXamarin\HelloXamarin.iOS\HelloXamarin.iOS.csproj", "{64ED8AD8-0A08-406B-BEB9-546B99222A56}"
EndProject
Project("{FAE04EC0-301F-11D3-BF4B-00C04F79EFBC}") = "HelloXamarin.WinPhone", "HelloXamarin\HelloXamarin.WinPhone\HelloXamarin.WinPhone.csproj", "{0E3B555F-7ACF-47CC-9628-D292D726FE80}"
EndProject
Project("{FAE04EC0-301F-11D3-BF4B-00C04F79EFBC}") = "HelloXamarin.UWP", "HelloXamarin\HelloXamarin.UWP\HelloXamarin.UWP.csproj", "{A67B6263-5C91-4C60-9074-97EDD8A9F7F9}"
EndProject
Project("{FAE04EC0-301F-11D3-BF4B-00C04F79EFBC}") = "HelloXamarin.Windows", "HelloXamarin\HelloXamarin.Windows\HelloXamarin.Windows.csproj", "{55319636-2C24-4B39-A076-A2C8EE828E86}"
EndProject
Global
	GlobalSection(SolutionConfigurationPlatforms) = preSolution
		Ad-Hoc|Any CPU = Ad-Hoc|Any CPU
		Ad-Hoc|ARM = Ad-Hoc|ARM
		Ad-Hoc|iPhone = Ad-Hoc|iPhone
		Ad-Hoc|iPhoneSimulator = Ad-Hoc|iPhoneSimulator
		Ad-Hoc|x64 = Ad-Hoc|x64
		Ad-Hoc|x86 = Ad-Hoc|x86
		AppStore|Any CPU = AppStore|Any CPU
		AppStore|ARM = AppStore|ARM
		AppStore|iPhone = AppStore|iPhone
		AppStore|iPhoneSimulator = AppStore|iPhoneSimulator
		AppStore|x64 = AppStore|x64
		AppStore|x86 = AppStore|x86
		Debug|Any CPU = Debug|Any CPU
		Debug|ARM = Debug|ARM
		Debug|iPhone = Debug|iPhone
		Debug|iPhoneSimulator = Debug|iPhoneSimulator
		Debug|x64 = Debug|x64
		Debug|x86 = Debug|x86
		Release|Any CPU = Release|Any CPU
		Release|ARM = Release|ARM
		Release|iPhone = Release|iPhone
		Release|iPhoneSimulator = Release|iPhoneSimulator
		Release|x64 = Release|x64
		Release|x86 = Release|x86
	EndGlobalSection
	GlobalSection(ProjectConfigurationPlatforms) = postSolution
		{08675250-30E0-44AD-8656-2522B82CD03F}.Ad-Hoc|Any CPU.ActiveCfg = Release|Any CPU
		{08675250-30E0-44AD-8656-2522B82CD03F}.Ad-Hoc|Any CPU.Build.0 = Release|Any CPU
		{08675250-30E0-44AD-8656-2522B82CD03F}.Ad-Hoc|ARM.ActiveCfg = Release|Any CPU
		{08675250-30E0-44AD-8656-2522B82CD03F}.Ad-Hoc|ARM.Build.0 = Release|Any CPU
		{08675250-30E0-44AD-8656-2522B82CD03F}.Ad-Hoc|iPhone.ActiveCfg = Release|Any CPU
		{08675250-30E0-44AD-8656-2522B82CD03F}.Ad-Hoc|iPhone.Build.0 = Release|Any CPU
		{08675250-30E0-44AD-8656-2522B82CD03F}.Ad-Hoc|iPhoneSimulator.ActiveCfg = Release|Any CPU
		{08675250-30E0-44AD-8656-2522B82CD03F}.Ad-Hoc|iPhoneSimulator.Build.0 = Release|Any CPU
		{08675250-30E0-44AD-8656-2522B82CD03F}.Ad-Hoc|x64.ActiveCfg = Release|Any CPU
		{08675250-30E0-44AD-8656-2522B82CD03F}.Ad-Hoc|x64.Build.0 = Release|Any CPU
		{08675250-30E0-44AD-8656-2522B82CD03F}.Ad-Hoc|x86.ActiveCfg = Release|Any CPU
		{08675250-30E0-44AD-8656-2522B82CD03F}.Ad-Hoc|x86.Build.0 = Release|Any CPU
		{08675250-30E0-44AD-8656-2522B82CD03F}.AppStore|Any CPU.ActiveCfg = Release|Any CPU
		{08675250-30E0-44AD-8656-2522B82CD03F}.AppStore|Any CPU.Build.0 = Release|Any CPU
		{08675250-30E0-44AD-8656-2522B82CD03F}.AppStore|ARM.ActiveCfg = Release|Any CPU
		{08675250-30E0-44AD-8656-2522B82CD03F}.AppStore|ARM.Build.0 = Release|Any CPU
		{08675250-30E0-44AD-8656-2522B82CD03F}.AppStore|iPhone.ActiveCfg = Release|Any CPU
		{08675250-30E0-44AD-8656-2522B82CD03F}.AppStore|iPhone.Build.0 = Release|Any CPU
		{08675250-30E0-44AD-8656-2522B82CD03F}.AppStore|iPhoneSimulator.ActiveCfg = Release|Any CPU
		{08675250-30E0-44AD-8656-2522B82CD03F}.AppStore|iPhoneSimulator.Build.0 = Release|Any CPU
		{08675250-30E0-44AD-8656-2522B82CD03F}.AppStore|x64.ActiveCfg = Release|Any CPU
		{08675250-30E0-44AD-8656-2522B82CD03F}.AppStore|x64.Build.0 = Release|Any CPU
		{08675250-30E0-44AD-8656-2522B82CD03F}.AppStore|x86.ActiveCfg = Release|Any CPU
		{08675250-30E0-44AD-8656-2522B82CD03F}.AppStore|x86.Build.0 = Release|Any CPU
		{08675250-30E0-44AD-8656-2522B82CD03F}.Debug|Any CPU.ActiveCfg = Debug|Any CPU
		{08675250-30E0-44AD-8656-2522B82CD03F}.Debug|Any CPU.Build.0 = Debug|Any CPU
		{08675250-30E0-44AD-8656-2522B82CD03F}.Debug|Any CPU.Deploy.0 = Debug|Any CPU
		{08675250-30E0-44AD-8656-2522B82CD03F}.Debug|ARM.ActiveCfg = Debug|Any CPU
		{08675250-30E0-44AD-8656-2522B82CD03F}.Debug|ARM.Build.0 = Debug|Any CPU
		{08675250-30E0-44AD-8656-2522B82CD03F}.Debug|iPhone.ActiveCfg = Debug|Any CPU
		{08675250-30E0-44AD-8656-2522B82CD03F}.Debug|iPhone.Build.0 = Debug|Any CPU
		{08675250-30E0-44AD-8656-2522B82CD03F}.Debug|iPhoneSimulator.ActiveCfg = Debug|Any CPU
		{08675250-30E0-44AD-8656-2522B82CD03F}.Debug|iPhoneSimulator.Build.0 = Debug|Any CPU
		{08675250-30E0-44AD-8656-2522B82CD03F}.Debug|x64.ActiveCfg = Debug|Any CPU
		{08675250-30E0-44AD-8656-2522B82CD03F}.Debug|x64.Build.0 = Debug|Any CPU
		{08675250-30E0-44AD-8656-2522B82CD03F}.Debug|x86.ActiveCfg = Debug|Any CPU
		{08675250-30E0-44AD-8656-2522B82CD03F}.Debug|x86.Build.0 = Debug|Any CPU
		{08675250-30E0-44AD-8656-2522B82CD03F}.Release|Any CPU.ActiveCfg = Release|Any CPU
		{08675250-30E0-44AD-8656-2522B82CD03F}.Release|Any CPU.Build.0 = Release|Any CPU
		{08675250-30E0-44AD-8656-2522B82CD03F}.Release|ARM.ActiveCfg = Release|Any CPU
		{08675250-30E0-44AD-8656-2522B82CD03F}.Release|ARM.Build.0 = Release|Any CPU
		{08675250-30E0-44AD-8656-2522B82CD03F}.Release|iPhone.ActiveCfg = Release|Any CPU
		{08675250-30E0-44AD-8656-2522B82CD03F}.Release|iPhone.Build.0 = Release|Any CPU
		{08675250-30E0-44AD-8656-2522B82CD03F}.Release|iPhoneSimulator.ActiveCfg = Release|Any CPU
		{08675250-30E0-44AD-8656-2522B82CD03F}.Release|iPhoneSimulator.Build.0 = Release|Any CPU
		{08675250-30E0-44AD-8656-2522B82CD03F}.Release|x64.ActiveCfg = Release|Any CPU
		{08675250-30E0-44AD-8656-2522B82CD03F}.Release|x64.Build.0 = Release|Any CPU
		{08675250-30E0-44AD-8656-2522B82CD03F}.Release|x86.ActiveCfg = Release|Any CPU
		{08675250-30E0-44AD-8656-2522B82CD03F}.Release|x86.Build.0 = Release|Any CPU
		{B83ECC77-9E5D-48AC-9979-59D220AFE704}.Ad-Hoc|Any CPU.ActiveCfg = Release|Any CPU
		{B83ECC77-9E5D-48AC-9979-59D220AFE704}.Ad-Hoc|Any CPU.Build.0 = Release|Any CPU
		{B83ECC77-9E5D-48AC-9979-59D220AFE704}.Ad-Hoc|Any CPU.Deploy.0 = Release|Any CPU
		{B83ECC77-9E5D-48AC-9979-59D220AFE704}.Ad-Hoc|ARM.ActiveCfg = Release|Any CPU
		{B83ECC77-9E5D-48AC-9979-59D220AFE704}.Ad-Hoc|ARM.Build.0 = Release|Any CPU
		{B83ECC77-9E5D-48AC-9979-59D220AFE704}.Ad-Hoc|ARM.Deploy.0 = Release|Any CPU
		{B83ECC77-9E5D-48AC-9979-59D220AFE704}.Ad-Hoc|iPhone.ActiveCfg = Release|Any CPU
		{B83ECC77-9E5D-48AC-9979-59D220AFE704}.Ad-Hoc|iPhone.Build.0 = Release|Any CPU
		{B83ECC77-9E5D-48AC-9979-59D220AFE704}.Ad-Hoc|iPhone.Deploy.0 = Release|Any CPU
		{B83ECC77-9E5D-48AC-9979-59D220AFE704}.Ad-Hoc|iPhoneSimulator.ActiveCfg = Release|Any CPU
		{B83ECC77-9E5D-48AC-9979-59D220AFE704}.Ad-Hoc|iPhoneSimulator.Build.0 = Release|Any CPU
		{B83ECC77-9E5D-48AC-9979-59D220AFE704}.Ad-Hoc|iPhoneSimulator.Deploy.0 = Release|Any CPU
		{B83ECC77-9E5D-48AC-9979-59D220AFE704}.Ad-Hoc|x64.ActiveCfg = Release|Any CPU
		{B83ECC77-9E5D-48AC-9979-59D220AFE704}.Ad-Hoc|x64.Build.0 = Release|Any CPU
		{B83ECC77-9E5D-48AC-9979-59D220AFE704}.Ad-Hoc|x64.Deploy.0 = Release|Any CPU
		{B83ECC77-9E5D-48AC-9979-59D220AFE704}.Ad-Hoc|x86.ActiveCfg = Release|Any CPU
		{B83ECC77-9E5D-48AC-9979-59D220AFE704}.Ad-Hoc|x86.Build.0 = Release|Any CPU
		{B83ECC77-9E5D-48AC-9979-59D220AFE704}.Ad-Hoc|x86.Deploy.0 = Release|Any CPU
		{B83ECC77-9E5D-48AC-9979-59D220AFE704}.AppStore|Any CPU.ActiveCfg = Release|Any CPU
		{B83ECC77-9E5D-48AC-9979-59D220AFE704}.AppStore|Any CPU.Build.0 = Release|Any CPU
		{B83ECC77-9E5D-48AC-9979-59D220AFE704}.AppStore|Any CPU.Deploy.0 = Release|Any CPU
		{B83ECC77-9E5D-48AC-9979-59D220AFE704}.AppStore|ARM.ActiveCfg = Release|Any CPU
		{B83ECC77-9E5D-48AC-9979-59D220AFE704}.AppStore|ARM.Build.0 = Release|Any CPU
		{B83ECC77-9E5D-48AC-9979-59D220AFE704}.AppStore|ARM.Deploy.0 = Release|Any CPU
		{B83ECC77-9E5D-48AC-9979-59D220AFE704}.AppStore|iPhone.ActiveCfg = Release|Any CPU
		{B83ECC77-9E5D-48AC-9979-59D220AFE704}.AppStore|iPhone.Build.0 = Release|Any CPU
		{B83ECC77-9E5D-48AC-9979-59D220AFE704}.AppStore|iPhone.Deploy.0 = Release|Any CPU
		{B83ECC77-9E5D-48AC-9979-59D220AFE704}.AppStore|iPhoneSimulator.ActiveCfg = Release|Any CPU
		{B83ECC77-9E5D-48AC-9979-59D220AFE704}.AppStore|iPhoneSimulator.Build.0 = Release|Any CPU
		{B83ECC77-9E5D-48AC-9979-59D220AFE704}.AppStore|iPhoneSimulator.Deploy.0 = Release|Any CPU
		{B83ECC77-9E5D-48AC-9979-59D220AFE704}.AppStore|x64.ActiveCfg = Release|Any CPU
		{B83ECC77-9E5D-48AC-9979-59D220AFE704}.AppStore|x64.Build.0 = Release|Any CPU
		{B83ECC77-9E5D-48AC-9979-59D220AFE704}.AppStore|x64.Deploy.0 = Release|Any CPU
		{B83ECC77-9E5D-48AC-9979-59D220AFE704}.AppStore|x86.ActiveCfg = Release|Any CPU
		{B83ECC77-9E5D-48AC-9979-59D220AFE704}.AppStore|x86.Build.0 = Release|Any CPU
		{B83ECC77-9E5D-48AC-9979-59D220AFE704}.AppStore|x86.Deploy.0 = Release|Any CPU
		{B83ECC77-9E5D-48AC-9979-59D220AFE704}.Debug|Any CPU.ActiveCfg = Debug|Any CPU
		{B83ECC77-9E5D-48AC-9979-59D220AFE704}.Debug|Any CPU.Build.0 = Debug|Any CPU
		{B83ECC77-9E5D-48AC-9979-59D220AFE704}.Debug|Any CPU.Deploy.0 = Debug|Any CPU
		{B83ECC77-9E5D-48AC-9979-59D220AFE704}.Debug|ARM.ActiveCfg = Debug|Any CPU
		{B83ECC77-9E5D-48AC-9979-59D220AFE704}.Debug|ARM.Build.0 = Debug|Any CPU
		{B83ECC77-9E5D-48AC-9979-59D220AFE704}.Debug|ARM.Deploy.0 = Debug|Any CPU
		{B83ECC77-9E5D-48AC-9979-59D220AFE704}.Debug|iPhone.ActiveCfg = Debug|Any CPU
		{B83ECC77-9E5D-48AC-9979-59D220AFE704}.Debug|iPhone.Build.0 = Debug|Any CPU
		{B83ECC77-9E5D-48AC-9979-59D220AFE704}.Debug|iPhone.Deploy.0 = Debug|Any CPU
		{B83ECC77-9E5D-48AC-9979-59D220AFE704}.Debug|iPhoneSimulator.ActiveCfg = Debug|Any CPU
		{B83ECC77-9E5D-48AC-9979-59D220AFE704}.Debug|iPhoneSimulator.Build.0 = Debug|Any CPU
		{B83ECC77-9E5D-48AC-9979-59D220AFE704}.Debug|iPhoneSimulator.Deploy.0 = Debug|Any CPU
		{B83ECC77-9E5D-48AC-9979-59D220AFE704}.Debug|x64.ActiveCfg = Debug|Any CPU
		{B83ECC77-9E5D-48AC-9979-59D220AFE704}.Debug|x64.Build.0 = Debug|Any CPU
		{B83ECC77-9E5D-48AC-9979-59D220AFE704}.Debug|x64.Deploy.0 = Debug|Any CPU
		{B83ECC77-9E5D-48AC-9979-59D220AFE704}.Debug|x86.ActiveCfg = Debug|Any CPU
		{B83ECC77-9E5D-48AC-9979-59D220AFE704}.Debug|x86.Build.0 = Debug|Any CPU
		{B83ECC77-9E5D-48AC-9979-59D220AFE704}.Debug|x86.Deploy.0 = Debug|Any CPU
		{B83ECC77-9E5D-48AC-9979-59D220AFE704}.Release|Any CPU.ActiveCfg = Release|Any CPU
		{B83ECC77-9E5D-48AC-9979-59D220AFE704}.Release|Any CPU.Build.0 = Release|Any CPU
		{B83ECC77-9E5D-48AC-9979-59D220AFE704}.Release|Any CPU.Deploy.0 = Release|Any CPU
		{B83ECC77-9E5D-48AC-9979-59D220AFE704}.Release|ARM.ActiveCfg = Release|Any CPU
		{B83ECC77-9E5D-48AC-9979-59D220AFE704}.Release|ARM.Build.0 = Release|Any CPU
		{B83ECC77-9E5D-48AC-9979-59D220AFE704}.Release|ARM.Deploy.0 = Release|Any CPU
		{B83ECC77-9E5D-48AC-9979-59D220AFE704}.Release|iPhone.ActiveCfg = Release|Any CPU
		{B83ECC77-9E5D-48AC-9979-59D220AFE704}.Release|iPhone.Build.0 = Release|Any CPU
		{B83ECC77-9E5D-48AC-9979-59D220AFE704}.Release|iPhone.Deploy.0 = Release|Any CPU
		{B83ECC77-9E5D-48AC-9979-59D220AFE704}.Release|iPhoneSimulator.ActiveCfg = Release|Any CPU
		{B83ECC77-9E5D-48AC-9979-59D220AFE704}.Release|iPhoneSimulator.Build.0 = Release|Any CPU
		{B83ECC77-9E5D-48AC-9979-59D220AFE704}.Release|iPhoneSimulator.Deploy.0 = Release|Any CPU
		{B83ECC77-9E5D-48AC-9979-59D220AFE704}.Release|x64.ActiveCfg = Release|Any CPU
		{B83ECC77-9E5D-48AC-9979-59D220AFE704}.Release|x64.Build.0 = Release|Any CPU
		{B83ECC77-9E5D-48AC-9979-59D220AFE704}.Release|x64.Deploy.0 = Release|Any CPU
		{B83ECC77-9E5D-48AC-9979-59D220AFE704}.Release|x86.ActiveCfg = Release|Any CPU
		{B83ECC77-9E5D-48AC-9979-59D220AFE704}.Release|x86.Build.0 = Release|Any CPU
		{B83ECC77-9E5D-48AC-9979-59D220AFE704}.Release|x86.Deploy.0 = Release|Any CPU
		{64ED8AD8-0A08-406B-BEB9-546B99222A56}.Ad-Hoc|Any CPU.ActiveCfg = Ad-Hoc|iPhone
		{64ED8AD8-0A08-406B-BEB9-546B99222A56}.Ad-Hoc|ARM.ActiveCfg = Ad-Hoc|iPhone
		{64ED8AD8-0A08-406B-BEB9-546B99222A56}.Ad-Hoc|iPhone.ActiveCfg = Ad-Hoc|iPhone
		{64ED8AD8-0A08-406B-BEB9-546B99222A56}.Ad-Hoc|iPhone.Build.0 = Ad-Hoc|iPhone
		{64ED8AD8-0A08-406B-BEB9-546B99222A56}.Ad-Hoc|iPhoneSimulator.ActiveCfg = Ad-Hoc|iPhoneSimulator
		{64ED8AD8-0A08-406B-BEB9-546B99222A56}.Ad-Hoc|iPhoneSimulator.Build.0 = Ad-Hoc|iPhoneSimulator
		{64ED8AD8-0A08-406B-BEB9-546B99222A56}.Ad-Hoc|x64.ActiveCfg = Ad-Hoc|iPhone
		{64ED8AD8-0A08-406B-BEB9-546B99222A56}.Ad-Hoc|x86.ActiveCfg = Ad-Hoc|iPhone
		{64ED8AD8-0A08-406B-BEB9-546B99222A56}.AppStore|Any CPU.ActiveCfg = AppStore|iPhone
		{64ED8AD8-0A08-406B-BEB9-546B99222A56}.AppStore|ARM.ActiveCfg = AppStore|iPhone
		{64ED8AD8-0A08-406B-BEB9-546B99222A56}.AppStore|iPhone.ActiveCfg = AppStore|iPhone
		{64ED8AD8-0A08-406B-BEB9-546B99222A56}.AppStore|iPhone.Build.0 = AppStore|iPhone
		{64ED8AD8-0A08-406B-BEB9-546B99222A56}.AppStore|iPhoneSimulator.ActiveCfg = AppStore|iPhoneSimulator
		{64ED8AD8-0A08-406B-BEB9-546B99222A56}.AppStore|iPhoneSimulator.Build.0 = AppStore|iPhoneSimulator
		{64ED8AD8-0A08-406B-BEB9-546B99222A56}.AppStore|x64.ActiveCfg = AppStore|iPhone
		{64ED8AD8-0A08-406B-BEB9-546B99222A56}.AppStore|x86.ActiveCfg = AppStore|iPhone
		{64ED8AD8-0A08-406B-BEB9-546B99222A56}.Debug|Any CPU.ActiveCfg = Debug|iPhone
		{64ED8AD8-0A08-406B-BEB9-546B99222A56}.Debug|Any CPU.Deploy.0 = Debug|iPhone
		{64ED8AD8-0A08-406B-BEB9-546B99222A56}.Debug|ARM.ActiveCfg = Debug|iPhone
		{64ED8AD8-0A08-406B-BEB9-546B99222A56}.Debug|iPhone.ActiveCfg = Debug|iPhone
		{64ED8AD8-0A08-406B-BEB9-546B99222A56}.Debug|iPhone.Build.0 = Debug|iPhone
		{64ED8AD8-0A08-406B-BEB9-546B99222A56}.Debug|iPhoneSimulator.ActiveCfg = Debug|iPhoneSimulator
		{64ED8AD8-0A08-406B-BEB9-546B99222A56}.Debug|iPhoneSimulator.Build.0 = Debug|iPhoneSimulator
		{64ED8AD8-0A08-406B-BEB9-546B99222A56}.Debug|x64.ActiveCfg = Debug|iPhone
		{64ED8AD8-0A08-406B-BEB9-546B99222A56}.Debug|x86.ActiveCfg = Debug|iPhone
		{64ED8AD8-0A08-406B-BEB9-546B99222A56}.Release|Any CPU.ActiveCfg = Release|iPhone
		{64ED8AD8-0A08-406B-BEB9-546B99222A56}.Release|ARM.ActiveCfg = Release|iPhone
		{64ED8AD8-0A08-406B-BEB9-546B99222A56}.Release|iPhone.ActiveCfg = Release|iPhone
		{64ED8AD8-0A08-406B-BEB9-546B99222A56}.Release|iPhone.Build.0 = Release|iPhone
		{64ED8AD8-0A08-406B-BEB9-546B99222A56}.Release|iPhoneSimulator.ActiveCfg = Release|iPhoneSimulator
		{64ED8AD8-0A08-406B-BEB9-546B99222A56}.Release|iPhoneSimulator.Build.0 = Release|iPhoneSimulator
		{64ED8AD8-0A08-406B-BEB9-546B99222A56}.Release|x64.ActiveCfg = Release|iPhone
		{64ED8AD8-0A08-406B-BEB9-546B99222A56}.Release|x86.ActiveCfg = Release|iPhone
		{0E3B555F-7ACF-47CC-9628-D292D726FE80}.Ad-Hoc|Any CPU.ActiveCfg = Release|Any CPU
		{0E3B555F-7ACF-47CC-9628-D292D726FE80}.Ad-Hoc|Any CPU.Build.0 = Release|Any CPU
		{0E3B555F-7ACF-47CC-9628-D292D726FE80}.Ad-Hoc|Any CPU.Deploy.0 = Release|Any CPU
		{0E3B555F-7ACF-47CC-9628-D292D726FE80}.Ad-Hoc|ARM.ActiveCfg = Release|ARM
		{0E3B555F-7ACF-47CC-9628-D292D726FE80}.Ad-Hoc|ARM.Build.0 = Release|ARM
		{0E3B555F-7ACF-47CC-9628-D292D726FE80}.Ad-Hoc|ARM.Deploy.0 = Release|ARM
		{0E3B555F-7ACF-47CC-9628-D292D726FE80}.Ad-Hoc|iPhone.ActiveCfg = Release|Any CPU
		{0E3B555F-7ACF-47CC-9628-D292D726FE80}.Ad-Hoc|iPhone.Build.0 = Release|Any CPU
		{0E3B555F-7ACF-47CC-9628-D292D726FE80}.Ad-Hoc|iPhone.Deploy.0 = Release|Any CPU
		{0E3B555F-7ACF-47CC-9628-D292D726FE80}.Ad-Hoc|iPhoneSimulator.ActiveCfg = Release|Any CPU
		{0E3B555F-7ACF-47CC-9628-D292D726FE80}.Ad-Hoc|iPhoneSimulator.Build.0 = Release|Any CPU
		{0E3B555F-7ACF-47CC-9628-D292D726FE80}.Ad-Hoc|iPhoneSimulator.Deploy.0 = Release|Any CPU
		{0E3B555F-7ACF-47CC-9628-D292D726FE80}.Ad-Hoc|x64.ActiveCfg = Release|Any CPU
		{0E3B555F-7ACF-47CC-9628-D292D726FE80}.Ad-Hoc|x64.Build.0 = Release|Any CPU
		{0E3B555F-7ACF-47CC-9628-D292D726FE80}.Ad-Hoc|x64.Deploy.0 = Release|Any CPU
		{0E3B555F-7ACF-47CC-9628-D292D726FE80}.Ad-Hoc|x86.ActiveCfg = Release|x86
		{0E3B555F-7ACF-47CC-9628-D292D726FE80}.Ad-Hoc|x86.Build.0 = Release|x86
		{0E3B555F-7ACF-47CC-9628-D292D726FE80}.Ad-Hoc|x86.Deploy.0 = Release|x86
		{0E3B555F-7ACF-47CC-9628-D292D726FE80}.AppStore|Any CPU.ActiveCfg = Release|Any CPU
		{0E3B555F-7ACF-47CC-9628-D292D726FE80}.AppStore|Any CPU.Build.0 = Release|Any CPU
		{0E3B555F-7ACF-47CC-9628-D292D726FE80}.AppStore|Any CPU.Deploy.0 = Release|Any CPU
		{0E3B555F-7ACF-47CC-9628-D292D726FE80}.AppStore|ARM.ActiveCfg = Release|ARM
		{0E3B555F-7ACF-47CC-9628-D292D726FE80}.AppStore|ARM.Build.0 = Release|ARM
		{0E3B555F-7ACF-47CC-9628-D292D726FE80}.AppStore|ARM.Deploy.0 = Release|ARM
		{0E3B555F-7ACF-47CC-9628-D292D726FE80}.AppStore|iPhone.ActiveCfg = Release|Any CPU
		{0E3B555F-7ACF-47CC-9628-D292D726FE80}.AppStore|iPhone.Build.0 = Release|Any CPU
		{0E3B555F-7ACF-47CC-9628-D292D726FE80}.AppStore|iPhone.Deploy.0 = Release|Any CPU
		{0E3B555F-7ACF-47CC-9628-D292D726FE80}.AppStore|iPhoneSimulator.ActiveCfg = Release|Any CPU
		{0E3B555F-7ACF-47CC-9628-D292D726FE80}.AppStore|iPhoneSimulator.Build.0 = Release|Any CPU
		{0E3B555F-7ACF-47CC-9628-D292D726FE80}.AppStore|iPhoneSimulator.Deploy.0 = Release|Any CPU
		{0E3B555F-7ACF-47CC-9628-D292D726FE80}.AppStore|x64.ActiveCfg = Release|Any CPU
		{0E3B555F-7ACF-47CC-9628-D292D726FE80}.AppStore|x64.Build.0 = Release|Any CPU
		{0E3B555F-7ACF-47CC-9628-D292D726FE80}.AppStore|x64.Deploy.0 = Release|Any CPU
		{0E3B555F-7ACF-47CC-9628-D292D726FE80}.AppStore|x86.ActiveCfg = Release|x86
		{0E3B555F-7ACF-47CC-9628-D292D726FE80}.AppStore|x86.Build.0 = Release|x86
		{0E3B555F-7ACF-47CC-9628-D292D726FE80}.AppStore|x86.Deploy.0 = Release|x86
		{0E3B555F-7ACF-47CC-9628-D292D726FE80}.Debug|Any CPU.ActiveCfg = Debug|Any CPU
		{0E3B555F-7ACF-47CC-9628-D292D726FE80}.Debug|Any CPU.Build.0 = Debug|Any CPU
		{0E3B555F-7ACF-47CC-9628-D292D726FE80}.Debug|Any CPU.Deploy.0 = Debug|Any CPU
		{0E3B555F-7ACF-47CC-9628-D292D726FE80}.Debug|ARM.ActiveCfg = Debug|ARM
		{0E3B555F-7ACF-47CC-9628-D292D726FE80}.Debug|ARM.Build.0 = Debug|ARM
		{0E3B555F-7ACF-47CC-9628-D292D726FE80}.Debug|ARM.Deploy.0 = Debug|ARM
		{0E3B555F-7ACF-47CC-9628-D292D726FE80}.Debug|iPhone.ActiveCfg = Debug|Any CPU
		{0E3B555F-7ACF-47CC-9628-D292D726FE80}.Debug|iPhone.Build.0 = Debug|Any CPU
		{0E3B555F-7ACF-47CC-9628-D292D726FE80}.Debug|iPhone.Deploy.0 = Debug|Any CPU
		{0E3B555F-7ACF-47CC-9628-D292D726FE80}.Debug|iPhoneSimulator.ActiveCfg = Debug|Any CPU
		{0E3B555F-7ACF-47CC-9628-D292D726FE80}.Debug|iPhoneSimulator.Build.0 = Debug|Any CPU
		{0E3B555F-7ACF-47CC-9628-D292D726FE80}.Debug|iPhoneSimulator.Deploy.0 = Debug|Any CPU
		{0E3B555F-7ACF-47CC-9628-D292D726FE80}.Debug|x64.ActiveCfg = Debug|Any CPU
		{0E3B555F-7ACF-47CC-9628-D292D726FE80}.Debug|x64.Build.0 = Debug|Any CPU
		{0E3B555F-7ACF-47CC-9628-D292D726FE80}.Debug|x64.Deploy.0 = Debug|Any CPU
		{0E3B555F-7ACF-47CC-9628-D292D726FE80}.Debug|x86.ActiveCfg = Debug|x86
		{0E3B555F-7ACF-47CC-9628-D292D726FE80}.Debug|x86.Build.0 = Debug|x86
		{0E3B555F-7ACF-47CC-9628-D292D726FE80}.Debug|x86.Deploy.0 = Debug|x86
		{0E3B555F-7ACF-47CC-9628-D292D726FE80}.Release|Any CPU.ActiveCfg = Release|Any CPU
		{0E3B555F-7ACF-47CC-9628-D292D726FE80}.Release|Any CPU.Build.0 = Release|Any CPU
		{0E3B555F-7ACF-47CC-9628-D292D726FE80}.Release|Any CPU.Deploy.0 = Release|Any CPU
		{0E3B555F-7ACF-47CC-9628-D292D726FE80}.Release|ARM.ActiveCfg = Release|ARM
		{0E3B555F-7ACF-47CC-9628-D292D726FE80}.Release|ARM.Build.0 = Release|ARM
		{0E3B555F-7ACF-47CC-9628-D292D726FE80}.Release|ARM.Deploy.0 = Release|ARM
		{0E3B555F-7ACF-47CC-9628-D292D726FE80}.Release|iPhone.ActiveCfg = Release|Any CPU
		{0E3B555F-7ACF-47CC-9628-D292D726FE80}.Release|iPhone.Build.0 = Release|Any CPU
		{0E3B555F-7ACF-47CC-9628-D292D726FE80}.Release|iPhone.Deploy.0 = Release|Any CPU
		{0E3B555F-7ACF-47CC-9628-D292D726FE80}.Release|iPhoneSimulator.ActiveCfg = Release|Any CPU
		{0E3B555F-7ACF-47CC-9628-D292D726FE80}.Release|iPhoneSimulator.Build.0 = Release|Any CPU
		{0E3B555F-7ACF-47CC-9628-D292D726FE80}.Release|iPhoneSimulator.Deploy.0 = Release|Any CPU
		{0E3B555F-7ACF-47CC-9628-D292D726FE80}.Release|x64.ActiveCfg = Release|Any CPU
		{0E3B555F-7ACF-47CC-9628-D292D726FE80}.Release|x64.Build.0 = Release|Any CPU
		{0E3B555F-7ACF-47CC-9628-D292D726FE80}.Release|x64.Deploy.0 = Release|Any CPU
		{0E3B555F-7ACF-47CC-9628-D292D726FE80}.Release|x86.ActiveCfg = Release|x86
		{0E3B555F-7ACF-47CC-9628-D292D726FE80}.Release|x86.Build.0 = Release|x86
		{0E3B555F-7ACF-47CC-9628-D292D726FE80}.Release|x86.Deploy.0 = Release|x86
		{A67B6263-5C91-4C60-9074-97EDD8A9F7F9}.Ad-Hoc|Any CPU.ActiveCfg = Release|x86
		{A67B6263-5C91-4C60-9074-97EDD8A9F7F9}.Ad-Hoc|Any CPU.Build.0 = Release|x86
		{A67B6263-5C91-4C60-9074-97EDD8A9F7F9}.Ad-Hoc|Any CPU.Deploy.0 = Release|x86
		{A67B6263-5C91-4C60-9074-97EDD8A9F7F9}.Ad-Hoc|ARM.ActiveCfg = Release|ARM
		{A67B6263-5C91-4C60-9074-97EDD8A9F7F9}.Ad-Hoc|ARM.Build.0 = Release|ARM
		{A67B6263-5C91-4C60-9074-97EDD8A9F7F9}.Ad-Hoc|ARM.Deploy.0 = Release|ARM
		{A67B6263-5C91-4C60-9074-97EDD8A9F7F9}.Ad-Hoc|iPhone.ActiveCfg = Release|x86
		{A67B6263-5C91-4C60-9074-97EDD8A9F7F9}.Ad-Hoc|iPhone.Build.0 = Release|x86
		{A67B6263-5C91-4C60-9074-97EDD8A9F7F9}.Ad-Hoc|iPhone.Deploy.0 = Release|x86
		{A67B6263-5C91-4C60-9074-97EDD8A9F7F9}.Ad-Hoc|iPhoneSimulator.ActiveCfg = Release|x86
		{A67B6263-5C91-4C60-9074-97EDD8A9F7F9}.Ad-Hoc|iPhoneSimulator.Build.0 = Release|x86
		{A67B6263-5C91-4C60-9074-97EDD8A9F7F9}.Ad-Hoc|iPhoneSimulator.Deploy.0 = Release|x86
		{A67B6263-5C91-4C60-9074-97EDD8A9F7F9}.Ad-Hoc|x64.ActiveCfg = Release|x64
		{A67B6263-5C91-4C60-9074-97EDD8A9F7F9}.Ad-Hoc|x64.Build.0 = Release|x64
		{A67B6263-5C91-4C60-9074-97EDD8A9F7F9}.Ad-Hoc|x64.Deploy.0 = Release|x64
		{A67B6263-5C91-4C60-9074-97EDD8A9F7F9}.Ad-Hoc|x86.ActiveCfg = Release|x86
		{A67B6263-5C91-4C60-9074-97EDD8A9F7F9}.Ad-Hoc|x86.Build.0 = Release|x86
		{A67B6263-5C91-4C60-9074-97EDD8A9F7F9}.Ad-Hoc|x86.Deploy.0 = Release|x86
		{A67B6263-5C91-4C60-9074-97EDD8A9F7F9}.AppStore|Any CPU.ActiveCfg = Release|x86
		{A67B6263-5C91-4C60-9074-97EDD8A9F7F9}.AppStore|Any CPU.Build.0 = Release|x86
		{A67B6263-5C91-4C60-9074-97EDD8A9F7F9}.AppStore|Any CPU.Deploy.0 = Release|x86
		{A67B6263-5C91-4C60-9074-97EDD8A9F7F9}.AppStore|ARM.ActiveCfg = Release|ARM
		{A67B6263-5C91-4C60-9074-97EDD8A9F7F9}.AppStore|ARM.Build.0 = Release|ARM
		{A67B6263-5C91-4C60-9074-97EDD8A9F7F9}.AppStore|ARM.Deploy.0 = Release|ARM
		{A67B6263-5C91-4C60-9074-97EDD8A9F7F9}.AppStore|iPhone.ActiveCfg = Release|x86
		{A67B6263-5C91-4C60-9074-97EDD8A9F7F9}.AppStore|iPhone.Build.0 = Release|x86
		{A67B6263-5C91-4C60-9074-97EDD8A9F7F9}.AppStore|iPhone.Deploy.0 = Release|x86
		{A67B6263-5C91-4C60-9074-97EDD8A9F7F9}.AppStore|iPhoneSimulator.ActiveCfg = Release|x86
		{A67B6263-5C91-4C60-9074-97EDD8A9F7F9}.AppStore|iPhoneSimulator.Build.0 = Release|x86
		{A67B6263-5C91-4C60-9074-97EDD8A9F7F9}.AppStore|iPhoneSimulator.Deploy.0 = Release|x86
		{A67B6263-5C91-4C60-9074-97EDD8A9F7F9}.AppStore|x64.ActiveCfg = Release|x64
		{A67B6263-5C91-4C60-9074-97EDD8A9F7F9}.AppStore|x64.Build.0 = Release|x64
		{A67B6263-5C91-4C60-9074-97EDD8A9F7F9}.AppStore|x64.Deploy.0 = Release|x64
		{A67B6263-5C91-4C60-9074-97EDD8A9F7F9}.AppStore|x86.ActiveCfg = Release|x86
		{A67B6263-5C91-4C60-9074-97EDD8A9F7F9}.AppStore|x86.Build.0 = Release|x86
		{A67B6263-5C91-4C60-9074-97EDD8A9F7F9}.AppStore|x86.Deploy.0 = Release|x86
		{A67B6263-5C91-4C60-9074-97EDD8A9F7F9}.Debug|Any CPU.ActiveCfg = Debug|x86
		{A67B6263-5C91-4C60-9074-97EDD8A9F7F9}.Debug|ARM.ActiveCfg = Debug|ARM
		{A67B6263-5C91-4C60-9074-97EDD8A9F7F9}.Debug|ARM.Build.0 = Debug|ARM
		{A67B6263-5C91-4C60-9074-97EDD8A9F7F9}.Debug|ARM.Deploy.0 = Debug|ARM
		{A67B6263-5C91-4C60-9074-97EDD8A9F7F9}.Debug|iPhone.ActiveCfg = Debug|x86
		{A67B6263-5C91-4C60-9074-97EDD8A9F7F9}.Debug|iPhoneSimulator.ActiveCfg = Debug|x86
		{A67B6263-5C91-4C60-9074-97EDD8A9F7F9}.Debug|x64.ActiveCfg = Debug|x64
		{A67B6263-5C91-4C60-9074-97EDD8A9F7F9}.Debug|x64.Build.0 = Debug|x64
		{A67B6263-5C91-4C60-9074-97EDD8A9F7F9}.Debug|x64.Deploy.0 = Debug|x64
		{A67B6263-5C91-4C60-9074-97EDD8A9F7F9}.Debug|x86.ActiveCfg = Debug|x86
		{A67B6263-5C91-4C60-9074-97EDD8A9F7F9}.Debug|x86.Build.0 = Debug|x86
		{A67B6263-5C91-4C60-9074-97EDD8A9F7F9}.Debug|x86.Deploy.0 = Debug|x86
		{A67B6263-5C91-4C60-9074-97EDD8A9F7F9}.Release|Any CPU.ActiveCfg = Release|x86
		{A67B6263-5C91-4C60-9074-97EDD8A9F7F9}.Release|ARM.ActiveCfg = Release|ARM
		{A67B6263-5C91-4C60-9074-97EDD8A9F7F9}.Release|ARM.Build.0 = Release|ARM
		{A67B6263-5C91-4C60-9074-97EDD8A9F7F9}.Release|ARM.Deploy.0 = Release|ARM
		{A67B6263-5C91-4C60-9074-97EDD8A9F7F9}.Release|iPhone.ActiveCfg = Release|x86
		{A67B6263-5C91-4C60-9074-97EDD8A9F7F9}.Release|iPhoneSimulator.ActiveCfg = Release|x86
		{A67B6263-5C91-4C60-9074-97EDD8A9F7F9}.Release|x64.ActiveCfg = Release|x64
		{A67B6263-5C91-4C60-9074-97EDD8A9F7F9}.Release|x64.Build.0 = Release|x64
		{A67B6263-5C91-4C60-9074-97EDD8A9F7F9}.Release|x64.Deploy.0 = Release|x64
		{A67B6263-5C91-4C60-9074-97EDD8A9F7F9}.Release|x86.ActiveCfg = Release|x86
		{A67B6263-5C91-4C60-9074-97EDD8A9F7F9}.Release|x86.Build.0 = Release|x86
		{A67B6263-5C91-4C60-9074-97EDD8A9F7F9}.Release|x86.Deploy.0 = Release|x86
		{55319636-2C24-4B39-A076-A2C8EE828E86}.Ad-Hoc|Any CPU.ActiveCfg = Release|Any CPU
		{55319636-2C24-4B39-A076-A2C8EE828E86}.Ad-Hoc|Any CPU.Build.0 = Release|Any CPU
		{55319636-2C24-4B39-A076-A2C8EE828E86}.Ad-Hoc|Any CPU.Deploy.0 = Release|Any CPU
		{55319636-2C24-4B39-A076-A2C8EE828E86}.Ad-Hoc|ARM.ActiveCfg = Release|ARM
		{55319636-2C24-4B39-A076-A2C8EE828E86}.Ad-Hoc|ARM.Build.0 = Release|ARM
		{55319636-2C24-4B39-A076-A2C8EE828E86}.Ad-Hoc|ARM.Deploy.0 = Release|ARM
		{55319636-2C24-4B39-A076-A2C8EE828E86}.Ad-Hoc|iPhone.ActiveCfg = Release|Any CPU
		{55319636-2C24-4B39-A076-A2C8EE828E86}.Ad-Hoc|iPhone.Build.0 = Release|Any CPU
		{55319636-2C24-4B39-A076-A2C8EE828E86}.Ad-Hoc|iPhone.Deploy.0 = Release|Any CPU
		{55319636-2C24-4B39-A076-A2C8EE828E86}.Ad-Hoc|iPhoneSimulator.ActiveCfg = Release|Any CPU
		{55319636-2C24-4B39-A076-A2C8EE828E86}.Ad-Hoc|iPhoneSimulator.Build.0 = Release|Any CPU
		{55319636-2C24-4B39-A076-A2C8EE828E86}.Ad-Hoc|iPhoneSimulator.Deploy.0 = Release|Any CPU
		{55319636-2C24-4B39-A076-A2C8EE828E86}.Ad-Hoc|x64.ActiveCfg = Release|x64
		{55319636-2C24-4B39-A076-A2C8EE828E86}.Ad-Hoc|x64.Build.0 = Release|x64
		{55319636-2C24-4B39-A076-A2C8EE828E86}.Ad-Hoc|x64.Deploy.0 = Release|x64
		{55319636-2C24-4B39-A076-A2C8EE828E86}.Ad-Hoc|x86.ActiveCfg = Release|x86
		{55319636-2C24-4B39-A076-A2C8EE828E86}.Ad-Hoc|x86.Build.0 = Release|x86
		{55319636-2C24-4B39-A076-A2C8EE828E86}.Ad-Hoc|x86.Deploy.0 = Release|x86
		{55319636-2C24-4B39-A076-A2C8EE828E86}.AppStore|Any CPU.ActiveCfg = Release|Any CPU
		{55319636-2C24-4B39-A076-A2C8EE828E86}.AppStore|Any CPU.Build.0 = Release|Any CPU
		{55319636-2C24-4B39-A076-A2C8EE828E86}.AppStore|Any CPU.Deploy.0 = Release|Any CPU
		{55319636-2C24-4B39-A076-A2C8EE828E86}.AppStore|ARM.ActiveCfg = Release|ARM
		{55319636-2C24-4B39-A076-A2C8EE828E86}.AppStore|ARM.Build.0 = Release|ARM
		{55319636-2C24-4B39-A076-A2C8EE828E86}.AppStore|ARM.Deploy.0 = Release|ARM
		{55319636-2C24-4B39-A076-A2C8EE828E86}.AppStore|iPhone.ActiveCfg = Release|Any CPU
		{55319636-2C24-4B39-A076-A2C8EE828E86}.AppStore|iPhone.Build.0 = Release|Any CPU
		{55319636-2C24-4B39-A076-A2C8EE828E86}.AppStore|iPhone.Deploy.0 = Release|Any CPU
		{55319636-2C24-4B39-A076-A2C8EE828E86}.AppStore|iPhoneSimulator.ActiveCfg = Release|Any CPU
		{55319636-2C24-4B39-A076-A2C8EE828E86}.AppStore|iPhoneSimulator.Build.0 = Release|Any CPU
		{55319636-2C24-4B39-A076-A2C8EE828E86}.AppStore|iPhoneSimulator.Deploy.0 = Release|Any CPU
		{55319636-2C24-4B39-A076-A2C8EE828E86}.AppStore|x64.ActiveCfg = Release|x64
		{55319636-2C24-4B39-A076-A2C8EE828E86}.AppStore|x64.Build.0 = Release|x64
		{55319636-2C24-4B39-A076-A2C8EE828E86}.AppStore|x64.Deploy.0 = Release|x64
		{55319636-2C24-4B39-A076-A2C8EE828E86}.AppStore|x86.ActiveCfg = Release|x86
		{55319636-2C24-4B39-A076-A2C8EE828E86}.AppStore|x86.Build.0 = Release|x86
		{55319636-2C24-4B39-A076-A2C8EE828E86}.AppStore|x86.Deploy.0 = Release|x86
		{55319636-2C24-4B39-A076-A2C8EE828E86}.Debug|Any CPU.ActiveCfg = Debug|Any CPU
		{55319636-2C24-4B39-A076-A2C8EE828E86}.Debug|Any CPU.Build.0 = Debug|Any CPU
		{55319636-2C24-4B39-A076-A2C8EE828E86}.Debug|Any CPU.Deploy.0 = Debug|Any CPU
		{55319636-2C24-4B39-A076-A2C8EE828E86}.Debug|ARM.ActiveCfg = Debug|ARM
		{55319636-2C24-4B39-A076-A2C8EE828E86}.Debug|ARM.Build.0 = Debug|ARM
		{55319636-2C24-4B39-A076-A2C8EE828E86}.Debug|ARM.Deploy.0 = Debug|ARM
		{55319636-2C24-4B39-A076-A2C8EE828E86}.Debug|iPhone.ActiveCfg = Debug|Any CPU
		{55319636-2C24-4B39-A076-A2C8EE828E86}.Debug|iPhone.Build.0 = Debug|Any CPU
		{55319636-2C24-4B39-A076-A2C8EE828E86}.Debug|iPhone.Deploy.0 = Debug|Any CPU
		{55319636-2C24-4B39-A076-A2C8EE828E86}.Debug|iPhoneSimulator.ActiveCfg = Debug|Any CPU
		{55319636-2C24-4B39-A076-A2C8EE828E86}.Debug|iPhoneSimulator.Build.0 = Debug|Any CPU
		{55319636-2C24-4B39-A076-A2C8EE828E86}.Debug|iPhoneSimulator.Deploy.0 = Debug|Any CPU
		{55319636-2C24-4B39-A076-A2C8EE828E86}.Debug|x64.ActiveCfg = Debug|x64
		{55319636-2C24-4B39-A076-A2C8EE828E86}.Debug|x64.Build.0 = Debug|x64
		{55319636-2C24-4B39-A076-A2C8EE828E86}.Debug|x64.Deploy.0 = Debug|x64
		{55319636-2C24-4B39-A076-A2C8EE828E86}.Debug|x86.ActiveCfg = Debug|x86
		{55319636-2C24-4B39-A076-A2C8EE828E86}.Debug|x86.Build.0 = Debug|x86
		{55319636-2C24-4B39-A076-A2C8EE828E86}.Debug|x86.Deploy.0 = Debug|x86
		{55319636-2C24-4B39-A076-A2C8EE828E86}.Release|Any CPU.ActiveCfg = Release|Any CPU
		{55319636-2C24-4B39-A076-A2C8EE828E86}.Release|Any CPU.Build.0 = Release|Any CPU
		{55319636-2C24-4B39-A076-A2C8EE828E86}.Release|Any CPU.Deploy.0 = Release|Any CPU
		{55319636-2C24-4B39-A076-A2C8EE828E86}.Release|ARM.ActiveCfg = Release|ARM
		{55319636-2C24-4B39-A076-A2C8EE828E86}.Release|ARM.Build.0 = Release|ARM
		{55319636-2C24-4B39-A076-A2C8EE828E86}.Release|ARM.Deploy.0 = Release|ARM
		{55319636-2C24-4B39-A076-A2C8EE828E86}.Release|iPhone.ActiveCfg = Release|Any CPU
		{55319636-2C24-4B39-A076-A2C8EE828E86}.Release|iPhone.Build.0 = Release|Any CPU
		{55319636-2C24-4B39-A076-A2C8EE828E86}.Release|iPhone.Deploy.0 = Release|Any CPU
		{55319636-2C24-4B39-A076-A2C8EE828E86}.Release|iPhoneSimulator.ActiveCfg = Release|Any CPU
		{55319636-2C24-4B39-A076-A2C8EE828E86}.Release|iPhoneSimulator.Build.0 = Release|Any CPU
		{55319636-2C24-4B39-A076-A2C8EE828E86}.Release|iPhoneSimulator.Deploy.0 = Release|Any CPU
		{55319636-2C24-4B39-A076-A2C8EE828E86}.Release|x64.ActiveCfg = Release|x64
		{55319636-2C24-4B39-A076-A2C8EE828E86}.Release|x64.Build.0 = Release|x64
		{55319636-2C24-4B39-A076-A2C8EE828E86}.Release|x64.Deploy.0 = Release|x64
		{55319636-2C24-4B39-A076-A2C8EE828E86}.Release|x86.ActiveCfg = Release|x86
		{55319636-2C24-4B39-A076-A2C8EE828E86}.Release|x86.Build.0 = Release|x86
		{55319636-2C24-4B39-A076-A2C8EE828E86}.Release|x86.Deploy.0 = Release|x86
	EndGlobalSection
	GlobalSection(SolutionProperties) = preSolution
		HideSolutionNode = FALSE
	EndGlobalSection
EndGlobal
